
Microsoft Visual Studio Solution File, Format Version 12.00
# Visual Studio Version 16
VisualStudioVersion = 16.0.29230.47
MinimumVisualStudioVersion = 10.0.40219.1
Project("{FAE04EC0-301F-11D3-BF4B-00C04F79EFBC}") = "n01318198_assignment1_ElmiraAlif", "n01318198_assignment1_ElmiraAlif\n01318198_assignment1_ElmiraAlif.csproj", "{054809BC-DDD4-400E-850B-88BAA6744C69}"
EndProject
Project("{2150E333-8FDC-42A3-9474-1A3956D46DE8}") = "Solution Items", "Solution Items", "{0DA0ED6F-E74F-4950-A2C0-17913D901BE4}"
EndProject
Global
	GlobalSection(SolutionConfigurationPlatforms) = preSolution
		Debug|Any CPU = Debug|Any CPU
		Release|Any CPU = Release|Any CPU
	EndGlobalSection
	GlobalSection(ProjectConfigurationPlatforms) = postSolution
		{054809BC-DDD4-400E-850B-88BAA6744C69}.Debug|Any CPU.ActiveCfg = Debug|Any CPU
		{054809BC-DDD4-400E-850B-88BAA6744C69}.Debug|Any CPU.Build.0 = Debug|Any CPU
		{054809BC-DDD4-400E-850B-88BAA6744C69}.Release|Any CPU.ActiveCfg = Release|Any CPU
		{054809BC-DDD4-400E-850B-88BAA6744C69}.Release|Any CPU.Build.0 = Release|Any CPU
	EndGlobalSection
	GlobalSection(SolutionProperties) = preSolution
		HideSolutionNode = FALSE
	EndGlobalSection
	GlobalSection(ExtensibilityGlobals) = postSolution
		SolutionGuid = {0A0F6B60-801F-4768-A8E2-BD0A2D986270}
	EndGlobalSection
EndGlobal
